
Microsoft Visual Studio Solution File, Format Version 12.00
# Visual Studio Version 17
VisualStudioVersion = 17.8.34330.188
MinimumVisualStudioVersion = 10.0.40219.1
Project("{FAE04EC0-301F-11D3-BF4B-00C04F79EFBC}") = "interfaz", "interfaz\interfaz.csproj", "{0620DC2E-1D0D-4642-9DBB-EED833A30C6C}"
EndProject
Project("{FAE04EC0-301F-11D3-BF4B-00C04F79EFBC}") = "Negocio", "Negocio\Negocio.csproj", "{E3EB8B98-C2E9-4EC3-9C66-5F484E954FD7}"
EndProject
Project("{FAE04EC0-301F-11D3-BF4B-00C04F79EFBC}") = "Dominio", "Dominio\Dominio.csproj", "{81F6E96C-CE90-4D5C-99A1-3F80AB434EDB}"
EndProject
Global
	GlobalSection(SolutionConfigurationPlatforms) = preSolution
		Debug|Any CPU = Debug|Any CPU
		Release|Any CPU = Release|Any CPU
	EndGlobalSection
	GlobalSection(ProjectConfigurationPlatforms) = postSolution
		{0620DC2E-1D0D-4642-9DBB-EED833A30C6C}.Debug|Any CPU.ActiveCfg = Debug|Any CPU
		{0620DC2E-1D0D-4642-9DBB-EED833A30C6C}.Debug|Any CPU.Build.0 = Debug|Any CPU
		{0620DC2E-1D0D-4642-9DBB-EED833A30C6C}.Release|Any CPU.ActiveCfg = Release|Any CPU
		{0620DC2E-1D0D-4642-9DBB-EED833A30C6C}.Release|Any CPU.Build.0 = Release|Any CPU
		{E3EB8B98-C2E9-4EC3-9C66-5F484E954FD7}.Debug|Any CPU.ActiveCfg = Debug|Any CPU
		{E3EB8B98-C2E9-4EC3-9C66-5F484E954FD7}.Debug|Any CPU.Build.0 = Debug|Any CPU
		{E3EB8B98-C2E9-4EC3-9C66-5F484E954FD7}.Release|Any CPU.ActiveCfg = Release|Any CPU
		{E3EB8B98-C2E9-4EC3-9C66-5F484E954FD7}.Release|Any CPU.Build.0 = Release|Any CPU
		{81F6E96C-CE90-4D5C-99A1-3F80AB434EDB}.Debug|Any CPU.ActiveCfg = Debug|Any CPU
		{81F6E96C-CE90-4D5C-99A1-3F80AB434EDB}.Debug|Any CPU.Build.0 = Debug|Any CPU
		{81F6E96C-CE90-4D5C-99A1-3F80AB434EDB}.Release|Any CPU.ActiveCfg = Release|Any CPU
		{81F6E96C-CE90-4D5C-99A1-3F80AB434EDB}.Release|Any CPU.Build.0 = Release|Any CPU
	EndGlobalSection
	GlobalSection(SolutionProperties) = preSolution
		HideSolutionNode = FALSE
	EndGlobalSection
	GlobalSection(ExtensibilityGlobals) = postSolution
		SolutionGuid = {D268E0B6-C9BA-40B3-9A8D-B7B9254150FD}
	EndGlobalSection
EndGlobal
